{
  "requires": true,
  "lockfileVersion": 1,
  "dependencies": {
    "typescript": {
      "version": "4.0.0-beta",
      "resolved": "https://registry.npm.taobao.org/typescript/download/typescript-4.0.0-beta.tgz?cache=0&sync_timestamp=1594620477415&other_urls=https%3A%2F%2Fregistry.npm.taobao.org%2Ftypescript%2Fdownload%2Ftypescript-4.0.0-beta.tgz",
      "integrity": "sha1-pqZeQwViEx3mlJaj71SENGvAzdI="
    }
  }
}
